{
  "requires": true,
  "lockfileVersion": 1,
  "dependencies": {
    "@babel/runtime": {
      "version": "7.14.0",
      "resolved": "https://registry.npmjs.org/@babel/runtime/-/runtime-7.14.0.tgz",
      "integrity": "sha512-JELkvo/DlpNdJ7dlyw/eY7E0suy5i5GQH+Vlxaq1nsNJ+H7f4Vtv3jMeCEgRhZZQFXTjldYfQgv2qmM6M1v5wA==",
      "requires": {
        "regenerator-runtime": "^0.13.4"
      }
    },
    "@emotion/hash": {
      "version": "0.8.0",
      "resolved": "https://registry.npmjs.org/@emotion/hash/-/hash-0.8.0.tgz",
      "integrity": "sha512-kBJtf7PH6aWwZ6fka3zQ0p6SBYzx4fl1LoZXE2RrnYST9Xljm7WfKJrU4g/Xr3Beg72MLrp1AWNUmuYJTL7Cow=="
    },
    "@material-ui/core": {
      "version": "4.11.4",
      "resolved": "https://registry.npmjs.org/@material-ui/core/-/core-4.11.4.tgz",
      "integrity": "sha512-oqb+lJ2Dl9HXI9orc6/aN8ZIAMkeThufA5iZELf2LQeBn2NtjVilF5D2w7e9RpntAzDb4jK5DsVhkfOvFY/8fg==",
      "requires": {
        "@babel/runtime": "^7.4.4",
        "@material-ui/styles": "^4.11.4",
        "@material-ui/system": "^4.11.3",
        "@material-ui/types": "5.1.0",
        "@material-ui/utils": "^4.11.2",
        "@types/react-transition-group": "^4.2.0",
        "clsx": "^1.0.4",
        "hoist-non-react-statics": "^3.3.2",
        "popper.js": "1.16.1-lts",
        "prop-types": "^15.7.2",
        "react-is": "^16.8.0 || ^17.0.0",
        "react-transition-group": "^4.4.0"
      }
    },
    "@material-ui/icons": {
      "version": "4.11.2",
      "resolved": "https://registry.npmjs.org/@material-ui/icons/-/icons-4.11.2.tgz",
      "integrity": "sha512-fQNsKX2TxBmqIGJCSi3tGTO/gZ+eJgWmMJkgDiOfyNaunNaxcklJQFaFogYcFl0qFuaEz1qaXYXboa/bUXVSOQ==",
      "requires": {
        "@babel/runtime": "^7.4.4"
      }
    },
    "@material-ui/styles": {
      "version": "4.11.4",
      "resolved": "https://registry.npmjs.org/@material-ui/styles/-/styles-4.11.4.tgz",
      "integrity": "sha512-KNTIZcnj/zprG5LW0Sao7zw+yG3O35pviHzejMdcSGCdWbiO8qzRgOYL8JAxAsWBKOKYwVZxXtHWaB5T2Kvxew==",
      "requires": {
        "@babel/runtime": "^7.4.4",
        "@emotion/hash": "^0.8.0",
        "@material-ui/types": "5.1.0",
        "@material-ui/utils": "^4.11.2",
        "clsx": "^1.0.4",
        "csstype": "^2.5.2",
        "hoist-non-react-statics": "^3.3.2",
        "jss": "^10.5.1",
        "jss-plugin-camel-case": "^10.5.1",
        "jss-plugin-default-unit": "^10.5.1",
        "jss-plugin-global": "^10.5.1",
        "jss-plugin-nested": "^10.5.1",
        "jss-plugin-props-sort": "^10.5.1",
        "jss-plugin-rule-value-function": "^10.5.1",
        "jss-plugin-vendor-prefixer": "^10.5.1",
        "prop-types": "^15.7.2"
      }
    },
    "@material-ui/system": {
      "version": "4.11.3",
      "resolved": "https://registry.npmjs.org/@material-ui/system/-/system-4.11.3.tgz",
      "integrity": "sha512-SY7otguNGol41Mu2Sg6KbBP1ZRFIbFLHGK81y4KYbsV2yIcaEPOmsCK6zwWlp+2yTV3J/VwT6oSBARtGIVdXPw==",
      "requires": {
        "@babel/runtime": "^7.4.4",
        "@material-ui/utils": "^4.11.2",
        "csstype": "^2.5.2",
        "prop-types": "^15.7.2"
      }
    },
    "@material-ui/types": {
      "version": "5.1.0",
      "resolved": "https://registry.npmjs.org/@material-ui/types/-/types-5.1.0.tgz",
      "integrity": "sha512-7cqRjrY50b8QzRSYyhSpx4WRw2YuO0KKIGQEVk5J8uoz2BanawykgZGoWEqKm7pVIbzFDN0SpPcVV4IhOFkl8A=="
    },
    "@material-ui/utils": {
      "version": "4.11.2",
      "resolved": "https://registry.npmjs.org/@material-ui/utils/-/utils-4.11.2.tgz",
      "integrity": "sha512-Uul8w38u+PICe2Fg2pDKCaIG7kOyhowZ9vjiC1FsVwPABTW8vPPKfF6OvxRq3IiBaI1faOJmgdvMG7rMJARBhA==",
      "requires": {
        "@babel/runtime": "^7.4.4",
        "prop-types": "^15.7.2",
        "react-is": "^16.8.0 || ^17.0.0"
      }
    },
    "@types/prop-types": {
      "version": "15.7.3",
      "resolved": "https://registry.npmjs.org/@types/prop-types/-/prop-types-15.7.3.tgz",
      "integrity": "sha512-KfRL3PuHmqQLOG+2tGpRO26Ctg+Cq1E01D2DMriKEATHgWLfeNDmq9e29Q9WIky0dQ3NPkd1mzYH8Lm936Z9qw=="
    },
    "@types/react": {
      "version": "17.0.5",
      "resolved": "https://registry.npmjs.org/@types/react/-/react-17.0.5.tgz",
      "integrity": "sha512-bj4biDB9ZJmGAYTWSKJly6bMr4BLUiBrx9ujiJEoP9XIDY9CTaPGxE5QWN/1WjpPLzYF7/jRNnV2nNxNe970sw==",
      "requires": {
        "@types/prop-types": "*",
        "@types/scheduler": "*",
        "csstype": "^3.0.2"
      },
      "dependencies": {
        "csstype": {
          "version": "3.0.8",
          "resolved": "https://registry.npmjs.org/csstype/-/csstype-3.0.8.tgz",
          "integrity": "sha512-jXKhWqXPmlUeoQnF/EhTtTl4C9SnrxSH/jZUih3jmO6lBKr99rP3/+FmrMj4EFpOXzMtXHAZkd3x0E6h6Fgflw=="
        }
      }
    },
    "@types/react-transition-group": {
      "version": "4.4.1",
      "resolved": "https://registry.npmjs.org/@types/react-transition-group/-/react-transition-group-4.4.1.tgz",
      "integrity": "sha512-vIo69qKKcYoJ8wKCJjwSgCTM+z3chw3g18dkrDfVX665tMH7tmbDxEAnPdey4gTlwZz5QuHGzd+hul0OVZDqqQ==",
      "requires": {
        "@types/react": "*"
      }
    },
    "@types/scheduler": {
      "version": "0.16.1",
      "resolved": "https://registry.npmjs.org/@types/scheduler/-/scheduler-0.16.1.tgz",
      "integrity": "sha512-EaCxbanVeyxDRTQBkdLb3Bvl/HK7PBK6UJjsSixB0iHKoWxE5uu2Q/DgtpOhPIojN0Zl1whvOd7PoHs2P0s5eA=="
    },
    "buffer-from": {
      "version": "1.1.1",
      "resolved": "https://registry.npmjs.org/buffer-from/-/buffer-from-1.1.1.tgz",
      "integrity": "sha512-MQcXEUbCKtEo7bhqEs6560Hyd4XaovZlO/k9V3hjVUF/zwW7KBVdSK4gIt/bzwS9MbR5qob+F5jusZsb0YQK2A=="
    },
    "chai-enzyme": {
      "version": "0.6.1",
      "resolved": "https://registry.npmjs.org/chai-enzyme/-/chai-enzyme-0.6.1.tgz",
      "integrity": "sha1-WFyWPG6hMxRG79Eu6DkegH11hiA=",
      "requires": {
        "html": "^1.0.0",
        "react-element-to-jsx-string": "^5.0.0"
      }
    },
    "clsx": {
      "version": "1.1.1",
      "resolved": "https://registry.npmjs.org/clsx/-/clsx-1.1.1.tgz",
      "integrity": "sha512-6/bPho624p3S2pMyvP5kKBPXnI3ufHLObBFCfgx+LkeR5lg2XYy2hqZqUf45ypD8COn2bhgGJSUE+l5dhNBieA=="
    },
    "collapse-white-space": {
      "version": "1.0.5",
      "resolved": "https://registry.npmjs.org/collapse-white-space/-/collapse-white-space-1.0.5.tgz",
      "integrity": "sha512-703bOOmytCYAX9cXYqoikYIx6twmFCXsnzRQheBcTG3nzKYBR4P/+wkYeH+Mvj7qUz8zZDtdyzbxfnEi/kYzRQ=="
    },
    "concat-stream": {
      "version": "1.6.2",
      "resolved": "https://registry.npmjs.org/concat-stream/-/concat-stream-1.6.2.tgz",
      "integrity": "sha512-27HBghJxjiZtIk3Ycvn/4kbJk/1uZuJFfuPEns6LaEvpvG1f0hTea8lilrouyo9mVc2GWdcEZ8OLoGmSADlrCw==",
      "requires": {
        "buffer-from": "^1.0.0",
        "inherits": "^2.0.3",
        "readable-stream": "^2.2.2",
        "typedarray": "^0.0.6"
      }
    },
    "convert-units": {
      "version": "2.3.4",
      "resolved": "https://registry.npmjs.org/convert-units/-/convert-units-2.3.4.tgz",
      "integrity": "sha512-ERHfdA0UhHJp1IpwE6PnFJx8LqG7B1ZjJ20UvVCmopEnVCfER68Tbe3kvN63dLbYXDA2xFWRE6zd4Wsf0w7POg==",
      "requires": {
        "lodash.foreach": "2.3.x",
        "lodash.keys": "2.3.x"
      }
    },
    "core-util-is": {
      "version": "1.0.2",
      "resolved": "https://registry.npmjs.org/core-util-is/-/core-util-is-1.0.2.tgz",
      "integrity": "sha1-tf1UIgqivFq1eqtxQMlAdUUDwac="
    },
    "css-vendor": {
      "version": "2.0.8",
      "resolved": "https://registry.npmjs.org/css-vendor/-/css-vendor-2.0.8.tgz",
      "integrity": "sha512-x9Aq0XTInxrkuFeHKbYC7zWY8ai7qJ04Kxd9MnvbC1uO5DagxoHQjm4JvG+vCdXOoFtCjbL2XSZfxmoYa9uQVQ==",
      "requires": {
        "@babel/runtime": "^7.8.3",
        "is-in-browser": "^1.0.2"
      }
    },
    "csstype": {
      "version": "2.6.17",
      "resolved": "https://registry.npmjs.org/csstype/-/csstype-2.6.17.tgz",
      "integrity": "sha512-u1wmTI1jJGzCJzWndZo8mk4wnPTZd1eOIYTYvuEyOQGfmDl3TrabCCfKnOC86FZwW/9djqTl933UF/cS425i9A=="
    },
    "dom-helpers": {
      "version": "5.2.1",
      "resolved": "https://registry.npmjs.org/dom-helpers/-/dom-helpers-5.2.1.tgz",
      "integrity": "sha512-nRCa7CK3VTrM2NmGkIy4cbK7IZlgBE/PYMn55rrXefr5xXDP0LdtfPnblFDoVdcAfslJ7or6iqAUnx0CCGIWQA==",
      "requires": {
        "@babel/runtime": "^7.8.7",
        "csstype": "^3.0.2"
      },
      "dependencies": {
        "csstype": {
          "version": "3.0.8",
          "resolved": "https://registry.npmjs.org/csstype/-/csstype-3.0.8.tgz",
          "integrity": "sha512-jXKhWqXPmlUeoQnF/EhTtTl4C9SnrxSH/jZUih3jmO6lBKr99rP3/+FmrMj4EFpOXzMtXHAZkd3x0E6h6Fgflw=="
        }
      }
    },
    "editions": {
      "version": "2.3.0",
      "resolved": "https://registry.npmjs.org/editions/-/editions-2.3.0.tgz",
      "integrity": "sha512-jeXYwHPKbitU1l14dWlsl5Nm+b1Hsm7VX73BsrQ4RVwEcAQQIPFHTZAbVtuIGxZBrpdT2FXd8lbtrNBrzZxIsA==",
      "requires": {
        "errlop": "^2.0.0",
        "semver": "^6.3.0"
      }
    },
    "errlop": {
      "version": "2.0.0",
      "resolved": "https://registry.npmjs.org/errlop/-/errlop-2.0.0.tgz",
      "integrity": "sha512-z00WIrQhtOMUnjdTG0O4f6hMG64EVccVDBy2WwgjcF8S4UB1exGYuc2OFwmdQmsJwLQVEIHWHPCz/omXXgAZHw=="
    },
    "hoist-non-react-statics": {
      "version": "3.3.2",
      "resolved": "https://registry.npmjs.org/hoist-non-react-statics/-/hoist-non-react-statics-3.3.2.tgz",
      "integrity": "sha512-/gGivxi8JPKWNm/W0jSmzcMPpfpPLc3dY/6GxhX2hQ9iGj3aDfklV4ET7NjKpSinLpJ5vafa9iiGIEZg10SfBw==",
      "requires": {
        "react-is": "^16.7.0"
      }
    },
    "html": {
      "version": "1.0.0",
      "resolved": "https://registry.npmjs.org/html/-/html-1.0.0.tgz",
      "integrity": "sha1-pUT6nqVJK/s6LMqCEKEL57WvH2E=",
      "requires": {
        "concat-stream": "^1.4.7"
      }
    },
    "hyphenate-style-name": {
      "version": "1.0.4",
      "resolved": "https://registry.npmjs.org/hyphenate-style-name/-/hyphenate-style-name-1.0.4.tgz",
      "integrity": "sha512-ygGZLjmXfPHj+ZWh6LwbC37l43MhfztxetbFCoYTM2VjkIUpeHgSNn7QIyVFj7YQ1Wl9Cbw5sholVJPzWvC2MQ=="
    },
    "indefinite-observable": {
      "version": "2.0.1",
      "resolved": "https://registry.npmjs.org/indefinite-observable/-/indefinite-observable-2.0.1.tgz",
      "integrity": "sha512-G8vgmork+6H9S8lUAg1gtXEj2JxIQTo0g2PbFiYOdjkziSI0F7UYBiVwhZRuixhBCNGczAls34+5HJPyZysvxQ==",
      "requires": {
        "symbol-observable": "1.2.0"
      }
    },
    "inherits": {
      "version": "2.0.4",
      "resolved": "https://registry.npmjs.org/inherits/-/inherits-2.0.4.tgz",
      "integrity": "sha512-k/vGaX4/Yla3WzyMCvTQOXYeIHvqOKtnqBduzTHpzpQZzAskKMhZ2K+EnBiSM9zGSoIFeMpXKxa4dYeZIQqewQ=="
    },
    "is-in-browser": {
      "version": "1.1.3",
      "resolved": "https://registry.npmjs.org/is-in-browser/-/is-in-browser-1.1.3.tgz",
      "integrity": "sha1-Vv9NtoOgeMYILrldrX3GLh0E+DU="
    },
    "is-plain-obj": {
      "version": "1.1.0",
      "resolved": "https://registry.npmjs.org/is-plain-obj/-/is-plain-obj-1.1.0.tgz",
      "integrity": "sha1-caUMhCnfync8kqOQpKA7OfzVHT4="
    },
    "is-plain-object": {
      "version": "2.0.4",
      "resolved": "https://registry.npmjs.org/is-plain-object/-/is-plain-object-2.0.4.tgz",
      "integrity": "sha512-h5PpgXkWitc38BBMYawTYMWJHFZJVnBquFE57xFpjB8pJFiF6gZ+bU+WyI/yqXiFR5mdLsgYNaPe8uao6Uv9Og==",
      "requires": {
        "isobject": "^3.0.1"
      }
    },
    "is-regexp": {
      "version": "1.0.0",
      "resolved": "https://registry.npmjs.org/is-regexp/-/is-regexp-1.0.0.tgz",
      "integrity": "sha1-/S2INUXEa6xaYz57mgnof6LLUGk="
    },
    "isarray": {
      "version": "1.0.0",
      "resolved": "https://registry.npmjs.org/isarray/-/isarray-1.0.0.tgz",
      "integrity": "sha1-u5NdSFgsuhaMBoNJV6VKPgcSTxE="
    },
    "isobject": {
      "version": "3.0.1",
      "resolved": "https://registry.npmjs.org/isobject/-/isobject-3.0.1.tgz",
      "integrity": "sha1-TkMekrEalzFjaqH5yNHMvP2reN8="
    },
    "js-tokens": {
      "version": "4.0.0",
      "resolved": "https://registry.npmjs.org/js-tokens/-/js-tokens-4.0.0.tgz",
      "integrity": "sha512-RdJUflcE3cUzKiMqQgsCu06FPu9UdIJO0beYbPhHN4k6apgJtifcoCtT9bcxOpYBtpD2kCM6Sbzg4CausW/PKQ=="
    },
    "jss": {
      "version": "10.6.0",
      "resolved": "https://registry.npmjs.org/jss/-/jss-10.6.0.tgz",
      "integrity": "sha512-n7SHdCozmxnzYGXBHe0NsO0eUf9TvsHVq2MXvi4JmTn3x5raynodDVE/9VQmBdWFyyj9HpHZ2B4xNZ7MMy7lkw==",
      "requires": {
        "@babel/runtime": "^7.3.1",
        "csstype": "^3.0.2",
        "indefinite-observable": "^2.0.1",
        "is-in-browser": "^1.1.3",
        "tiny-warning": "^1.0.2"
      },
      "dependencies": {
        "csstype": {
          "version": "3.0.8",
          "resolved": "https://registry.npmjs.org/csstype/-/csstype-3.0.8.tgz",
          "integrity": "sha512-jXKhWqXPmlUeoQnF/EhTtTl4C9SnrxSH/jZUih3jmO6lBKr99rP3/+FmrMj4EFpOXzMtXHAZkd3x0E6h6Fgflw=="
        }
      }
    },
    "jss-plugin-camel-case": {
      "version": "10.6.0",
      "resolved": "https://registry.npmjs.org/jss-plugin-camel-case/-/jss-plugin-camel-case-10.6.0.tgz",
      "integrity": "sha512-JdLpA3aI/npwj3nDMKk308pvnhoSzkW3PXlbgHAzfx0yHWnPPVUjPhXFtLJzgKZge8lsfkUxvYSQ3X2OYIFU6A==",
      "requires": {
        "@babel/runtime": "^7.3.1",
        "hyphenate-style-name": "^1.0.3",
        "jss": "10.6.0"
      }
    },
    "jss-plugin-default-unit": {
      "version": "10.6.0",
      "resolved": "https://registry.npmjs.org/jss-plugin-default-unit/-/jss-plugin-default-unit-10.6.0.tgz",
      "integrity": "sha512-7y4cAScMHAxvslBK2JRK37ES9UT0YfTIXWgzUWD5euvR+JR3q+o8sQKzBw7GmkQRfZijrRJKNTiSt1PBsLI9/w==",
      "requires": {
        "@babel/runtime": "^7.3.1",
        "jss": "10.6.0"
      }
    },
    "jss-plugin-global": {
      "version": "10.6.0",
      "resolved": "https://registry.npmjs.org/jss-plugin-global/-/jss-plugin-global-10.6.0.tgz",
      "integrity": "sha512-I3w7ji/UXPi3VuWrTCbHG9rVCgB4yoBQLehGDTmsnDfXQb3r1l3WIdcO8JFp9m0YMmyy2CU7UOV6oPI7/Tmu+w==",
      "requires": {
        "@babel/runtime": "^7.3.1",
        "jss": "10.6.0"
      }
    },
    "jss-plugin-nested": {
      "version": "10.6.0",
      "resolved": "https://registry.npmjs.org/jss-plugin-nested/-/jss-plugin-nested-10.6.0.tgz",
      "integrity": "sha512-fOFQWgd98H89E6aJSNkEh2fAXquC9aZcAVjSw4q4RoQ9gU++emg18encR4AT4OOIFl4lQwt5nEyBBRn9V1Rk8g==",
      "requires": {
        "@babel/runtime": "^7.3.1",
        "jss": "10.6.0",
        "tiny-warning": "^1.0.2"
      }
    },
    "jss-plugin-props-sort": {
      "version": "10.6.0",
      "resolved": "https://registry.npmjs.org/jss-plugin-props-sort/-/jss-plugin-props-sort-10.6.0.tgz",
      "integrity": "sha512-oMCe7hgho2FllNc60d9VAfdtMrZPo9n1Iu6RNa+3p9n0Bkvnv/XX5San8fTPujrTBScPqv9mOE0nWVvIaohNuw==",
      "requires": {
        "@babel/runtime": "^7.3.1",
        "jss": "10.6.0"
      }
    },
    "jss-plugin-rule-value-function": {
      "version": "10.6.0",
      "resolved": "https://registry.npmjs.org/jss-plugin-rule-value-function/-/jss-plugin-rule-value-function-10.6.0.tgz",
      "integrity": "sha512-TKFqhRTDHN1QrPTMYRlIQUOC2FFQb271+AbnetURKlGvRl/eWLswcgHQajwuxI464uZk91sPiTtdGi7r7XaWfA==",
      "requires": {
        "@babel/runtime": "^7.3.1",
        "jss": "10.6.0",
        "tiny-warning": "^1.0.2"
      }
    },
    "jss-plugin-vendor-prefixer": {
      "version": "10.6.0",
      "resolved": "https://registry.npmjs.org/jss-plugin-vendor-prefixer/-/jss-plugin-vendor-prefixer-10.6.0.tgz",
      "integrity": "sha512-doJ7MouBXT1lypLLctCwb4nJ6lDYqrTfVS3LtXgox42Xz0gXusXIIDboeh6UwnSmox90QpVnub7au8ybrb0krQ==",
      "requires": {
        "@babel/runtime": "^7.3.1",
        "css-vendor": "^2.0.8",
        "jss": "10.6.0"
      }
    },
    "lodash": {
      "version": "4.17.21",
      "resolved": "https://registry.npmjs.org/lodash/-/lodash-4.17.21.tgz",
      "integrity": "sha512-v2kDEe57lecTulaDIuNTPy3Ry4gLGJ6Z1O3vE1krgXZNrsQ+LFTGHVxVjcXPs17LhbZVGedAJv8XZ1tvj5FvSg=="
    },
    "lodash._basebind": {
      "version": "2.3.0",
      "resolved": "https://registry.npmjs.org/lodash._basebind/-/lodash._basebind-2.3.0.tgz",
      "integrity": "sha1-K1vEUqDhBhQ7IYafIzvbWHQX0kg=",
      "requires": {
        "lodash._basecreate": "~2.3.0",
        "lodash._setbinddata": "~2.3.0",
        "lodash.isobject": "~2.3.0"
      }
    },
    "lodash._basecreate": {
      "version": "2.3.0",
      "resolved": "https://registry.npmjs.org/lodash._basecreate/-/lodash._basecreate-2.3.0.tgz",
      "integrity": "sha1-m4ioak3P97fzxh2Dovz8BnHsneA=",
      "requires": {
        "lodash._renative": "~2.3.0",
        "lodash.isobject": "~2.3.0",
        "lodash.noop": "~2.3.0"
      }
    },
    "lodash._basecreatecallback": {
      "version": "2.3.0",
      "resolved": "https://registry.npmjs.org/lodash._basecreatecallback/-/lodash._basecreatecallback-2.3.0.tgz",
      "integrity": "sha1-N7KrF1kaM56YjbMln81GAZ16w2I=",
      "requires": {
        "lodash._setbinddata": "~2.3.0",
        "lodash.bind": "~2.3.0",
        "lodash.identity": "~2.3.0",
        "lodash.support": "~2.3.0"
      }
    },
    "lodash._basecreatewrapper": {
      "version": "2.3.0",
      "resolved": "https://registry.npmjs.org/lodash._basecreatewrapper/-/lodash._basecreatewrapper-2.3.0.tgz",
      "integrity": "sha1-qgxhrZYETDkzN2ExSDqXWcNlEkc=",
      "requires": {
        "lodash._basecreate": "~2.3.0",
        "lodash._setbinddata": "~2.3.0",
        "lodash._slice": "~2.3.0",
        "lodash.isobject": "~2.3.0"
      }
    },
    "lodash._createwrapper": {
      "version": "2.3.0",
      "resolved": "https://registry.npmjs.org/lodash._createwrapper/-/lodash._createwrapper-2.3.0.tgz",
      "integrity": "sha1-0arhEC2t9EDo4G/BM6bt1/4UYHU=",
      "requires": {
        "lodash._basebind": "~2.3.0",
        "lodash._basecreatewrapper": "~2.3.0",
        "lodash.isfunction": "~2.3.0"
      }
    },
    "lodash._objecttypes": {
      "version": "2.3.0",
      "resolved": "https://registry.npmjs.org/lodash._objecttypes/-/lodash._objecttypes-2.3.0.tgz",
      "integrity": "sha1-aj6jmH3W7rgCGy1cnDA1Scwrrh4="
    },
    "lodash._renative": {
      "version": "2.3.0",
      "resolved": "https://registry.npmjs.org/lodash._renative/-/lodash._renative-2.3.0.tgz",
      "integrity": "sha1-d9jt1M7SbdWXH54Vpfdy5OMX+9M="
    },
    "lodash._setbinddata": {
      "version": "2.3.0",
      "resolved": "https://registry.npmjs.org/lodash._setbinddata/-/lodash._setbinddata-2.3.0.tgz",
      "integrity": "sha1-5WEEkKzRMnfVmFjZW18nJ/FQjwQ=",
      "requires": {
        "lodash._renative": "~2.3.0",
        "lodash.noop": "~2.3.0"
      }
    },
    "lodash._shimkeys": {
      "version": "2.3.0",
      "resolved": "https://registry.npmjs.org/lodash._shimkeys/-/lodash._shimkeys-2.3.0.tgz",
      "integrity": "sha1-YR+TFJ4+bHIQlrSHae8pU3rai6k=",
      "requires": {
        "lodash._objecttypes": "~2.3.0"
      }
    },
    "lodash._slice": {
      "version": "2.3.0",
      "resolved": "https://registry.npmjs.org/lodash._slice/-/lodash._slice-2.3.0.tgz",
      "integrity": "sha1-FHGYEyhZly5GgMoppZkshVZpqlw="
    },
    "lodash.bind": {
      "version": "2.3.0",
      "resolved": "https://registry.npmjs.org/lodash.bind/-/lodash.bind-2.3.0.tgz",
      "integrity": "sha1-wqjhi2jl7MFS4rFoJmEW/qWwFsw=",
      "requires": {
        "lodash._createwrapper": "~2.3.0",
        "lodash._renative": "~2.3.0",
        "lodash._slice": "~2.3.0"
      }
    },
    "lodash.foreach": {
      "version": "2.3.0",
      "resolved": "https://registry.npmjs.org/lodash.foreach/-/lodash.foreach-2.3.0.tgz",
      "integrity": "sha1-CDQEyR6EbudyRf3512UZxosq8Wg=",
      "requires": {
        "lodash._basecreatecallback": "~2.3.0",
        "lodash.forown": "~2.3.0"
      }
    },
    "lodash.forown": {
      "version": "2.3.0",
      "resolved": "https://registry.npmjs.org/lodash.forown/-/lodash.forown-2.3.0.tgz",
      "integrity": "sha1-JPtKr4ANRfwtxgv+w84EyDajrX8=",
      "requires": {
        "lodash._basecreatecallback": "~2.3.0",
        "lodash._objecttypes": "~2.3.0",
        "lodash.keys": "~2.3.0"
      }
    },
    "lodash.identity": {
      "version": "2.3.0",
      "resolved": "https://registry.npmjs.org/lodash.identity/-/lodash.identity-2.3.0.tgz",
      "integrity": "sha1-awGiEMlIU1XCqRO0i2cRIZoXPe0="
    },
    "lodash.isfunction": {
      "version": "2.3.0",
      "resolved": "https://registry.npmjs.org/lodash.isfunction/-/lodash.isfunction-2.3.0.tgz",
      "integrity": "sha1-aylz5HpkfPEucNZ2rqE2Q3BuUmc="
    },
    "lodash.isobject": {
      "version": "2.3.0",
      "resolved": "https://registry.npmjs.org/lodash.isobject/-/lodash.isobject-2.3.0.tgz",
      "integrity": "sha1-LhbT/Fg9qYMZaJU/LY5tc0NPZ5k=",
      "requires": {
        "lodash._objecttypes": "~2.3.0"
      }
    },
    "lodash.keys": {
      "version": "2.3.0",
      "resolved": "https://registry.npmjs.org/lodash.keys/-/lodash.keys-2.3.0.tgz",
      "integrity": "sha1-s1D0+Syqn0WkouzwGEVM8vKK4lM=",
      "requires": {
        "lodash._renative": "~2.3.0",
        "lodash._shimkeys": "~2.3.0",
        "lodash.isobject": "~2.3.0"
      }
    },
    "lodash.noop": {
      "version": "2.3.0",
      "resolved": "https://registry.npmjs.org/lodash.noop/-/lodash.noop-2.3.0.tgz",
      "integrity": "sha1-MFnWKNUbv5N80qC2/Dp/ISpmnCw="
    },
    "lodash.support": {
      "version": "2.3.0",
      "resolved": "https://registry.npmjs.org/lodash.support/-/lodash.support-2.3.0.tgz",
      "integrity": "sha1-fq8DivTw1qq3drRKptz8gDNMm/0=",
      "requires": {
        "lodash._renative": "~2.3.0"
      }
    },
    "loose-envify": {
      "version": "1.4.0",
      "resolved": "https://registry.npmjs.org/loose-envify/-/loose-envify-1.4.0.tgz",
      "integrity": "sha512-lyuxPGr/Wfhrlem2CL/UcnUc1zcqKAImBDzukY7Y5F/yQiNdko6+fRLevlw1HgMySw7f611UIY408EtxRSoK3Q==",
      "requires": {
        "js-tokens": "^3.0.0 || ^4.0.0"
      }
    },
    "object-assign": {
      "version": "4.1.1",
      "resolved": "https://registry.npmjs.org/object-assign/-/object-assign-4.1.1.tgz",
      "integrity": "sha1-IQmtx5ZYh8/AXLvUQsrIv7s2CGM="
    },
    "popper.js": {
      "version": "1.16.1-lts",
      "resolved": "https://registry.npmjs.org/popper.js/-/popper.js-1.16.1-lts.tgz",
      "integrity": "sha512-Kjw8nKRl1m+VrSFCoVGPph93W/qrSO7ZkqPpTf7F4bk/sqcfWK019dWBUpE/fBOsOQY1dks/Bmcbfn1heM/IsA=="
    },
    "process-nextick-args": {
      "version": "2.0.1",
      "resolved": "https://registry.npmjs.org/process-nextick-args/-/process-nextick-args-2.0.1.tgz",
      "integrity": "sha512-3ouUOpQhtgrbOa17J7+uxOTpITYWaGP7/AhoR3+A+/1e9skrzelGi/dXzEYyvbxubEF6Wn2ypscTKiKJFFn1ag=="
    },
    "prop-types": {
      "version": "15.7.2",
      "resolved": "https://registry.npmjs.org/prop-types/-/prop-types-15.7.2.tgz",
      "integrity": "sha512-8QQikdH7//R2vurIJSutZ1smHYTcLpRWEOlHnzcWHmBYrOGUysKwSsrC89BCiFj3CbrfJ/nXFdJepOVrY1GCHQ==",
      "requires": {
        "loose-envify": "^1.4.0",
        "object-assign": "^4.1.1",
        "react-is": "^16.8.1"
      }
    },
    "react-addons-test-utils": {
      "version": "15.6.2",
      "resolved": "https://registry.npmjs.org/react-addons-test-utils/-/react-addons-test-utils-15.6.2.tgz",
      "integrity": "sha1-wStu/cIkfBDae4dw0YUICnsEcVY="
    },
    "react-element-to-jsx-string": {
      "version": "5.0.7",
      "resolved": "https://registry.npmjs.org/react-element-to-jsx-string/-/react-element-to-jsx-string-5.0.7.tgz",
      "integrity": "sha1-xmOkgAqccSEVwNhRnLAhWkah8PI=",
      "requires": {
        "collapse-white-space": "^1.0.0",
        "is-plain-object": "^2.0.1",
        "lodash": "^4.17.4",
        "sortobject": "^1.0.0",
        "stringify-object": "2.4.0",
        "traverse": "^0.6.6"
      }
    },
    "react-is": {
      "version": "16.12.0",
      "resolved": "https://registry.npmjs.org/react-is/-/react-is-16.12.0.tgz",
      "integrity": "sha512-rPCkf/mWBtKc97aLL9/txD8DZdemK0vkA3JMLShjlJB3Pj3s+lpf1KaBzMfQrAmhMQB0n1cU/SUGgKKBCe837Q=="
    },
    "react-transition-group": {
      "version": "4.4.1",
      "resolved": "https://registry.npmjs.org/react-transition-group/-/react-transition-group-4.4.1.tgz",
      "integrity": "sha512-Djqr7OQ2aPUiYurhPalTrVy9ddmFCCzwhqQmtN+J3+3DzLO209Fdr70QrN8Z3DsglWql6iY1lDWAfpFiBtuKGw==",
      "requires": {
        "@babel/runtime": "^7.5.5",
        "dom-helpers": "^5.0.1",
        "loose-envify": "^1.4.0",
        "prop-types": "^15.6.2"
      }
    },
    "react-weathericons": {
      "version": "1.0.4",
      "resolved": "https://registry.npmjs.org/react-weathericons/-/react-weathericons-1.0.4.tgz",
      "integrity": "sha512-r3gY4KlvsHofd2UgUC6y7fel0Yqzyv0OQUbmSVo62yTwyw5UaararQhC6X85BIA40I6k0D/hfc2KoQwHF35h4Q==",
      "requires": {
        "chai-enzyme": "^0.6.1",
        "prop-types": "^15.5.10",
        "react-addons-test-utils": "^15.4.1"
      }
    },
    "readable-stream": {
      "version": "2.3.6",
      "resolved": "https://registry.npmjs.org/readable-stream/-/readable-stream-2.3.6.tgz",
      "integrity": "sha512-tQtKA9WIAhBF3+VLAseyMqZeBjW0AHJoxOtYqSUZNJxauErmLbVm2FW1y+J/YA9dUrAC39ITejlZWhVIwawkKw==",
      "requires": {
        "core-util-is": "~1.0.0",
        "inherits": "~2.0.3",
        "isarray": "~1.0.0",
        "process-nextick-args": "~2.0.0",
        "safe-buffer": "~5.1.1",
        "string_decoder": "~1.1.1",
        "util-deprecate": "~1.0.1"
      }
    },
    "regenerator-runtime": {
      "version": "0.13.7",
      "resolved": "https://registry.npmjs.org/regenerator-runtime/-/regenerator-runtime-0.13.7.tgz",
      "integrity": "sha512-a54FxoJDIr27pgf7IgeQGxmqUNYrcV338lf/6gH456HZ/PhX+5BcwHXG9ajESmwe6WRO0tAzRUrRmNONWgkrew=="
    },
    "safe-buffer": {
      "version": "5.1.2",
      "resolved": "https://registry.npmjs.org/safe-buffer/-/safe-buffer-5.1.2.tgz",
      "integrity": "sha512-Gd2UZBJDkXlY7GbJxfsE8/nvKkUEU1G38c1siN6QP6a9PT9MmHB8GnpscSmMJSoF8LOIrt8ud/wPtojys4G6+g=="
    },
    "semver": {
      "version": "6.3.0",
      "resolved": "https://registry.npmjs.org/semver/-/semver-6.3.0.tgz",
      "integrity": "sha512-b39TBaTSfV6yBrapU89p5fKekE2m/NwnDocOVruQFS1/veMgdzuPcnOM34M6CwxW8jH/lxEa5rBoDeUwu5HHTw=="
    },
    "sortobject": {
      "version": "1.3.0",
      "resolved": "https://registry.npmjs.org/sortobject/-/sortobject-1.3.0.tgz",
      "integrity": "sha512-rr0RrgE3ZoWaREnHiidnywzXLaeqmxDKfB4Htdbzu4WBzsVeZEJrhz7AR4ZF+gzHgbog/lQoNXxCWHaXeLc1Dg==",
      "requires": {
        "editions": "^2.2.0"
      }
    },
    "string_decoder": {
      "version": "1.1.1",
      "resolved": "https://registry.npmjs.org/string_decoder/-/string_decoder-1.1.1.tgz",
      "integrity": "sha512-n/ShnvDi6FHbbVfviro+WojiFzv+s8MPMHBczVePfUpDJLwoLT0ht1l4YwBCbi8pJAveEEdnkHyPyTP/mzRfwg==",
      "requires": {
        "safe-buffer": "~5.1.0"
      }
    },
    "stringify-object": {
      "version": "2.4.0",
      "resolved": "https://registry.npmjs.org/stringify-object/-/stringify-object-2.4.0.tgz",
      "integrity": "sha1-xi0RAj6yH+LZsIe+A5om3zsioJ0=",
      "requires": {
        "is-plain-obj": "^1.0.0",
        "is-regexp": "^1.0.0"
      }
    },
    "symbol-observable": {
      "version": "1.2.0",
      "resolved": "https://registry.npmjs.org/symbol-observable/-/symbol-observable-1.2.0.tgz",
      "integrity": "sha512-e900nM8RRtGhlV36KGEU9k65K3mPb1WV70OdjfxlG2EAuM1noi/E/BaW/uMhL7bPEssK8QV57vN3esixjUvcXQ=="
    },
    "tiny-warning": {
      "version": "1.0.3",
      "resolved": "https://registry.npmjs.org/tiny-warning/-/tiny-warning-1.0.3.tgz",
      "integrity": "sha512-lBN9zLN/oAf68o3zNXYrdCt1kP8WsiGW8Oo2ka41b2IM5JL/S1CTyX1rW0mb/zSuJun0ZUrDxx4sqvYS2FWzPA=="
    },
    "traverse": {
      "version": "0.6.6",
      "resolved": "https://registry.npmjs.org/traverse/-/traverse-0.6.6.tgz",
      "integrity": "sha1-y99WD9e5r2MlAv7UD5GMFX6pcTc="
    },
    "typedarray": {
      "version": "0.0.6",
      "resolved": "https://registry.npmjs.org/typedarray/-/typedarray-0.0.6.tgz",
      "integrity": "sha1-hnrHTjhkGHsdPUfZlqeOxciDB3c="
    },
    "util-deprecate": {
      "version": "1.0.2",
      "resolved": "https://registry.npmjs.org/util-deprecate/-/util-deprecate-1.0.2.tgz",
      "integrity": "sha1-RQ1Nyfpw3nMnYvvS1KKJgUGaDM8="
    }
  }
}
